{
  "name": "multithreading-merge-sort",
  "lockfileVersion": 2,
  "requires": true,
  "packages": {
    "": {
      "dependencies": {
        "black": "^0.3.0"
      }
    },
    "node_modules/black": {
      "version": "0.3.0",
      "resolved": "https://registry.npmjs.org/black/-/black-0.3.0.tgz",
      "integrity": "sha512-k1jfL60ZpEx9+YO3J9YSPJ2nX9vv8r8Hfw1iNZjH8QMAJ/gaf1uoYVxbSDV9p3UiuZr8ckLdoPPWPfY76Plmtw==",
      "engines": {
        "node": "*"
      }
    }
  },
  "dependencies": {
    "black": {
      "version": "0.3.0",
      "resolved": "https://registry.npmjs.org/black/-/black-0.3.0.tgz",
      "integrity": "sha512-k1jfL60ZpEx9+YO3J9YSPJ2nX9vv8r8Hfw1iNZjH8QMAJ/gaf1uoYVxbSDV9p3UiuZr8ckLdoPPWPfY76Plmtw=="
    }
  }
}
